
Microsoft Visual Studio Solution File, Format Version 12.00
# Visual Studio Version 16
VisualStudioVersion = 16.0.31112.23
MinimumVisualStudioVersion = 10.0.40219.1
Project("{FAE04EC0-301F-11D3-BF4B-00C04F79EFBC}") = "Main", "Main.csproj", "{24957F38-94F5-45BA-801A-79366A5836E5}"
EndProject
Global
	GlobalSection(SolutionConfigurationPlatforms) = preSolution
		Debug|Any CPU = Debug|Any CPU
		Release|Any CPU = Release|Any CPU
	EndGlobalSection
	GlobalSection(ProjectConfigurationPlatforms) = postSolution
		{24957F38-94F5-45BA-801A-79366A5836E5}.Debug|Any CPU.ActiveCfg = Debug|Any CPU
		{24957F38-94F5-45BA-801A-79366A5836E5}.Debug|Any CPU.Build.0 = Debug|Any CPU
		{24957F38-94F5-45BA-801A-79366A5836E5}.Release|Any CPU.ActiveCfg = Release|Any CPU
		{24957F38-94F5-45BA-801A-79366A5836E5}.Release|Any CPU.Build.0 = Release|Any CPU
	EndGlobalSection
	GlobalSection(SolutionProperties) = preSolution
		HideSolutionNode = FALSE
	EndGlobalSection
	GlobalSection(ExtensibilityGlobals) = postSolution
		SolutionGuid = {CE040B24-0256-41AD-8706-43BBB9EB62BF}
	EndGlobalSection
EndGlobal
